{
    "_readme": [
        "This file locks the dependencies of your project to a known state",
        "Read more about it at https://getcomposer.org/doc/01-basic-usage.md#installing-dependencies",
        "This file is @generated automatically"
    ],
    "content-hash": "0355652cfb045e9d18454ca8613353b1",
    "packages": [
        {
            "name": "hallowelt/mediawiki-lib-commandline-tools",
            "version": "dev-master",
            "source": {
                "type": "git",
                "url": "https://github.com/hallowelt/mediawiki-lib-commandline-tools.git",
                "reference": "85f7983cfc384d8473e87e70aa09b045c33bfb2a"
            },
            "dist": {
                "type": "zip",
                "url": "https://api.github.com/repos/hallowelt/mediawiki-lib-commandline-tools/zipball/85f7983cfc384d8473e87e70aa09b045c33bfb2a",
                "reference": "85f7983cfc384d8473e87e70aa09b045c33bfb2a",
                "shasum": ""
            },
            "require-dev": {
                "phpunit/phpunit": "^6.5"
            },
            "type": "library",
            "autoload": {
                "psr-4": {
                    "HalloWelt\\MediaWiki\\Lib\\CommandLineTools\\": "src/",
                    "HalloWelt\\MediaWiki\\Lib\\CommandLineTools\\Tests\\": "tests/phpunit/"
                }
            },
            "license": [
                "GPL-3.0-only"
            ],
            "authors": [
                {
                    "name": "Robert Vogel",
                    "email": "vogel@hallowelt.com"
                }
            ],
            "description": "Class library for various command line applications for MediaWiki",
            "support": {
                "source": "https://github.com/hallowelt/mediawiki-lib-commandline-tools/tree/1.0",
                "issues": "https://github.com/hallowelt/mediawiki-lib-commandline-tools/issues"
            },
            "time": "2020-01-28T09:10:52+00:00"
        },
        {
            "name": "hallowelt/mediawiki-lib-mediawikixml",
            "version": "dev-master",
            "source": {
                "type": "git",
                "url": "https://github.com/hallowelt/mediawiki-lib-mediawikixml.git",
                "reference": "93ca220d26da72cd77b207da6b76fb8f316b7c77"
            },
            "dist": {
                "type": "zip",
                "url": "https://api.github.com/repos/hallowelt/mediawiki-lib-mediawikixml/zipball/93ca220d26da72cd77b207da6b76fb8f316b7c77",
                "reference": "93ca220d26da72cd77b207da6b76fb8f316b7c77",
                "shasum": ""
            },
            "require-dev": {
                "phpunit/phpunit": "^6.5"
            },
            "type": "library",
            "autoload": {
                "psr-4": {
                    "HalloWelt\\MediaWiki\\Lib\\MediaWikiXML\\": "src/",
                    "HalloWelt\\MediaWiki\\Lib\\MediaWikiXML\\Tests\\": "tests/phpunit/"
                }
            },
            "license": [
                "GPL-3.0-only"
            ],
            "authors": [
                {
                    "name": "Robert Vogel",
                    "email": "vogel@hallowelt.com"
                }
            ],
            "description": "Class library for dealing with MediaWiki XML",
            "support": {
                "source": "https://github.com/hallowelt/mediawiki-lib-mediawikixml/tree/1.0",
                "issues": "https://github.com/hallowelt/mediawiki-lib-mediawikixml/issues"
            },
            "time": "2020-02-19T14:45:16+00:00"
        },
        {
            "name": "hallowelt/mediawiki-lib-migration",
            "version": "dev-master",
            "source": {
                "type": "git",
                "url": "https://github.com/hallowelt/mediawiki-lib-migration.git",
                "reference": "03ca3082ccf5aa19c5e64ad982e66fd55a57198d"
            },
            "dist": {
                "type": "zip",
                "url": "https://api.github.com/repos/hallowelt/mediawiki-lib-migration/zipball/03ca3082ccf5aa19c5e64ad982e66fd55a57198d",
                "reference": "03ca3082ccf5aa19c5e64ad982e66fd55a57198d",
                "shasum": ""
            },
            "require": {
                "symfony/console": "v3.4.9"
            },
            "require-dev": {
                "phpunit/phpunit": "^6.5"
            },
            "type": "library",
            "autoload": {
                "psr-4": {
                    "HalloWelt\\MediaWiki\\Lib\\Migration\\": "src/",
                    "HalloWelt\\MediaWiki\\Lib\\Migration\\Tests\\": "tests/phpunit/"
                }
            },
            "license": [
                "GPL-3.0-only"
            ],
            "authors": [
                {
                    "name": "Robert Vogel",
                    "email": "vogel@hallowelt.com"
                }
            ],
            "description": "Class library for migration projects for MediaWiki",
            "support": {
                "source": "https://github.com/hallowelt/mediawiki-lib-migration/tree/1.0",
                "issues": "https://github.com/hallowelt/mediawiki-lib-migration/issues"
            },
            "time": "2020-02-20T10:52:51+00:00"
        },
        {
            "name": "hallowelt/mediawiki-lib-wikitext",
            "version": "dev-master",
            "source": {
                "type": "git",
                "url": "https://github.com/hallowelt/mediawiki-lib-wikitext.git",
                "reference": "7ee06daeb3cc4ed7db6fa31a1a9eb2b5f88850eb"
            },
            "dist": {
                "type": "zip",
                "url": "https://api.github.com/repos/hallowelt/mediawiki-lib-wikitext/zipball/7ee06daeb3cc4ed7db6fa31a1a9eb2b5f88850eb",
                "reference": "7ee06daeb3cc4ed7db6fa31a1a9eb2b5f88850eb",
                "shasum": ""
            },
            "require-dev": {
                "phpunit/phpunit": "^6.5"
            },
            "type": "library",
            "autoload": {
                "psr-4": {
                    "HalloWelt\\MediaWiki\\Lib\\WikiText\\": "src/",
                    "HalloWelt\\MediaWiki\\Lib\\WikiText\\Tests\\": "tests/phpunit/"
                }
            },
            "license": [
                "GPL-3.0-only"
            ],
            "authors": [
                {
                    "name": "Robert Vogel",
                    "email": "vogel@hallowelt.com"
                }
            ],
            "description": "Class library for dealing with MediaWiki WikiText",
            "support": {
                "source": "https://github.com/hallowelt/mediawiki-lib-wikitext/tree/1.0",
                "issues": "https://github.com/hallowelt/mediawiki-lib-wikitext/issues"
            },
            "time": "2020-02-19T10:43:31+00:00"
        },
        {
            "name": "psr/log",
            "version": "1.1.3",
            "source": {
                "type": "git",
                "url": "https://github.com/php-fig/log.git",
                "reference": "0f73288fd15629204f9d42b7055f72dacbe811fc"
            },
            "dist": {
                "type": "zip",
                "url": "https://api.github.com/repos/php-fig/log/zipball/0f73288fd15629204f9d42b7055f72dacbe811fc",
                "reference": "0f73288fd15629204f9d42b7055f72dacbe811fc",
                "shasum": ""
            },
            "require": {
                "php": ">=5.3.0"
            },
            "type": "library",
            "extra": {
                "branch-alias": {
                    "dev-master": "1.1.x-dev"
                }
            },
            "autoload": {
                "psr-4": {
                    "Psr\\Log\\": "Psr/Log/"
                }
            },
            "notification-url": "https://packagist.org/downloads/",
            "license": [
                "MIT"
            ],
            "authors": [
                {
                    "name": "PHP-FIG",
                    "homepage": "http://www.php-fig.org/"
                }
            ],
            "description": "Common interface for logging libraries",
            "homepage": "https://github.com/php-fig/log",
            "keywords": [
                "log",
                "psr",
                "psr-3"
            ],
            "time": "2020-03-23T09:12:05+00:00"
        },
        {
            "name": "symfony/console",
            "version": "v3.4.9",
            "source": {
                "type": "git",
                "url": "https://github.com/symfony/console.git",
                "reference": "5b1fdfa8eb93464bcc36c34da39cedffef822cdf"
            },
            "dist": {
                "type": "zip",
                "url": "https://api.github.com/repos/symfony/console/zipball/5b1fdfa8eb93464bcc36c34da39cedffef822cdf",
                "reference": "5b1fdfa8eb93464bcc36c34da39cedffef822cdf",
                "shasum": ""
            },
            "require": {
                "php": "^5.5.9|>=7.0.8",
                "symfony/debug": "~2.8|~3.0|~4.0",
                "symfony/polyfill-mbstring": "~1.0"
            },
            "conflict": {
                "symfony/dependency-injection": "<3.4",
                "symfony/process": "<3.3"
            },
            "require-dev": {
                "psr/log": "~1.0",
                "symfony/config": "~3.3|~4.0",
                "symfony/dependency-injection": "~3.4|~4.0",
                "symfony/event-dispatcher": "~2.8|~3.0|~4.0",
                "symfony/lock": "~3.4|~4.0",
                "symfony/process": "~3.3|~4.0"
            },
            "suggest": {
                "psr/log-implementation": "For using the console logger",
                "symfony/event-dispatcher": "",
                "symfony/lock": "",
                "symfony/process": ""
            },
            "type": "library",
            "extra": {
                "branch-alias": {
                    "dev-master": "3.4-dev"
                }
            },
            "autoload": {
                "psr-4": {
                    "Symfony\\Component\\Console\\": ""
                },
                "exclude-from-classmap": [
                    "/Tests/"
                ]
            },
            "notification-url": "https://packagist.org/downloads/",
            "license": [
                "MIT"
            ],
            "authors": [
                {
                    "name": "Fabien Potencier",
                    "email": "fabien@symfony.com"
                },
                {
                    "name": "Symfony Community",
                    "homepage": "https://symfony.com/contributors"
                }
            ],
            "description": "Symfony Console Component",
            "homepage": "https://symfony.com",
            "time": "2018-04-30T01:22:56+00:00"
        },
        {
            "name": "symfony/debug",
            "version": "v4.4.16",
            "source": {
                "type": "git",
                "url": "https://github.com/symfony/debug.git",
                "reference": "c87adf3fc1cd0bf4758316a3a150d50a8f957ef4"
            },
            "dist": {
                "type": "zip",
                "url": "https://api.github.com/repos/symfony/debug/zipball/c87adf3fc1cd0bf4758316a3a150d50a8f957ef4",
                "reference": "c87adf3fc1cd0bf4758316a3a150d50a8f957ef4",
                "shasum": ""
            },
            "require": {
                "php": ">=7.1.3",
                "psr/log": "~1.0",
                "symfony/polyfill-php80": "^1.15"
            },
            "conflict": {
                "symfony/http-kernel": "<3.4"
            },
            "require-dev": {
                "symfony/http-kernel": "^3.4|^4.0|^5.0"
            },
            "type": "library",
            "autoload": {
                "psr-4": {
                    "Symfony\\Component\\Debug\\": ""
                },
                "exclude-from-classmap": [
                    "/Tests/"
                ]
            },
            "notification-url": "https://packagist.org/downloads/",
            "license": [
                "MIT"
            ],
            "authors": [
                {
                    "name": "Fabien Potencier",
                    "email": "fabien@symfony.com"
                },
                {
                    "name": "Symfony Community",
                    "homepage": "https://symfony.com/contributors"
                }
            ],
            "description": "Symfony Debug Component",
            "homepage": "https://symfony.com",
            "funding": [
                {
                    "url": "https://symfony.com/sponsor",
                    "type": "custom"
                },
                {
                    "url": "https://github.com/fabpot",
                    "type": "github"
                },
                {
                    "url": "https://tidelift.com/funding/github/packagist/symfony/symfony",
                    "type": "tidelift"
                }
            ],
            "time": "2020-10-24T11:50:19+00:00"
        },
        {
            "name": "symfony/polyfill-mbstring",
            "version": "v1.20.0",
            "source": {
                "type": "git",
                "url": "https://github.com/symfony/polyfill-mbstring.git",
                "reference": "39d483bdf39be819deabf04ec872eb0b2410b531"
            },
            "dist": {
                "type": "zip",
                "url": "https://api.github.com/repos/symfony/polyfill-mbstring/zipball/39d483bdf39be819deabf04ec872eb0b2410b531",
                "reference": "39d483bdf39be819deabf04ec872eb0b2410b531",
                "shasum": ""
            },
            "require": {
                "php": ">=7.1"
            },
            "suggest": {
                "ext-mbstring": "For best performance"
            },
            "type": "library",
            "extra": {
                "branch-alias": {
                    "dev-main": "1.20-dev"
                },
                "thanks": {
                    "name": "symfony/polyfill",
                    "url": "https://github.com/symfony/polyfill"
                }
            },
            "autoload": {
                "psr-4": {
                    "Symfony\\Polyfill\\Mbstring\\": ""
                },
                "files": [
                    "bootstrap.php"
                ]
            },
            "notification-url": "https://packagist.org/downloads/",
            "license": [
                "MIT"
            ],
            "authors": [
                {
                    "name": "Nicolas Grekas",
                    "email": "p@tchwork.com"
                },
                {
                    "name": "Symfony Community",
                    "homepage": "https://symfony.com/contributors"
                }
            ],
            "description": "Symfony polyfill for the Mbstring extension",
            "homepage": "https://symfony.com",
            "keywords": [
                "compatibility",
                "mbstring",
                "polyfill",
                "portable",
                "shim"
            ],
            "funding": [
                {
                    "url": "https://symfony.com/sponsor",
                    "type": "custom"
                },
                {
                    "url": "https://github.com/fabpot",
                    "type": "github"
                },
                {
                    "url": "https://tidelift.com/funding/github/packagist/symfony/symfony",
                    "type": "tidelift"
                }
            ],
            "time": "2020-10-23T14:02:19+00:00"
        },
        {
            "name": "symfony/polyfill-php80",
            "version": "v1.20.0",
            "source": {
                "type": "git",
                "url": "https://github.com/symfony/polyfill-php80.git",
                "reference": "e70aa8b064c5b72d3df2abd5ab1e90464ad009de"
            },
            "dist": {
                "type": "zip",
                "url": "https://api.github.com/repos/symfony/polyfill-php80/zipball/e70aa8b064c5b72d3df2abd5ab1e90464ad009de",
                "reference": "e70aa8b064c5b72d3df2abd5ab1e90464ad009de",
                "shasum": ""
            },
            "require": {
                "php": ">=7.1"
            },
            "type": "library",
            "extra": {
                "branch-alias": {
                    "dev-main": "1.20-dev"
                },
                "thanks": {
                    "name": "symfony/polyfill",
                    "url": "https://github.com/symfony/polyfill"
                }
            },
            "autoload": {
                "psr-4": {
                    "Symfony\\Polyfill\\Php80\\": ""
                },
                "files": [
                    "bootstrap.php"
                ],
                "classmap": [
                    "Resources/stubs"
                ]
            },
            "notification-url": "https://packagist.org/downloads/",
            "license": [
                "MIT"
            ],
            "authors": [
                {
                    "name": "Ion Bazan",
                    "email": "ion.bazan@gmail.com"
                },
                {
                    "name": "Nicolas Grekas",
                    "email": "p@tchwork.com"
                },
                {
                    "name": "Symfony Community",
                    "homepage": "https://symfony.com/contributors"
                }
            ],
            "description": "Symfony polyfill backporting some PHP 8.0+ features to lower PHP versions",
            "homepage": "https://symfony.com",
            "keywords": [
                "compatibility",
                "polyfill",
                "portable",
                "shim"
            ],
            "funding": [
                {
                    "url": "https://symfony.com/sponsor",
                    "type": "custom"
                },
                {
                    "url": "https://github.com/fabpot",
                    "type": "github"
                },
                {
                    "url": "https://tidelift.com/funding/github/packagist/symfony/symfony",
                    "type": "tidelift"
                }
            ],
            "time": "2020-10-23T14:02:19+00:00"
        }
    ],
    "packages-dev": [],
    "aliases": [],
    "minimum-stability": "stable",
    "stability-flags": {
        "hallowelt/mediawiki-lib-mediawikixml": 20,
        "hallowelt/mediawiki-lib-commandline-tools": 20,
        "hallowelt/mediawiki-lib-migration": 20,
        "hallowelt/mediawiki-lib-wikitext": 20
    },
    "prefer-stable": false,
    "prefer-lowest": false,
    "platform": [],
    "platform-dev": [],
    "platform-overrides": {
        "php": "7.4"
    },
    "plugin-api-version": "1.1.0"
}
